
Microsoft Visual Studio Solution File, Format Version 12.00
# Visual Studio Version 16
VisualStudioVersion = 16.0.29613.14
MinimumVisualStudioVersion = 10.0.40219.1
Project("{2150E333-8FDC-42A3-9474-1A3956D46DE8}") = "0 - Apresentacao", "0 - Apresentacao", "{6415CFEC-35A5-4072-BF23-BD4C2155ACBD}"
EndProject
Project("{2150E333-8FDC-42A3-9474-1A3956D46DE8}") = "1 - Dominio", "1 - Dominio", "{733E93FA-95EF-423B-82BD-0F0A408BE460}"
EndProject
Project("{2150E333-8FDC-42A3-9474-1A3956D46DE8}") = "2 - Servico", "2 - Servico", "{156BB4E4-7357-4BBA-966E-9905780E49BE}"
EndProject
Project("{2150E333-8FDC-42A3-9474-1A3956D46DE8}") = "3 - Infra", "3 - Infra", "{A59537C2-F83C-4908-9FDA-2343957E73E1}"
EndProject
Project("{2150E333-8FDC-42A3-9474-1A3956D46DE8}") = "4 - Comum", "4 - Comum", "{74646B8A-A79C-40CC-8225-724D075F008A}"
EndProject
Project("{9A19103F-16F7-4668-BE54-9A1E7A4F7556}") = "RMJ.Dominio", "RMJ\RMJ.Dominio.csproj", "{7D67F86E-DB45-4167-B5A0-463BACE9B0D7}"
EndProject
Project("{FAE04EC0-301F-11D3-BF4B-00C04F79EFBC}") = "RMJ.Servico", "RMJ.Servico\RMJ.Servico.csproj", "{D0357286-D119-4FD0-878A-22A4477C0AC2}"
EndProject
Project("{FAE04EC0-301F-11D3-BF4B-00C04F79EFBC}") = "RMJ.Dados", "RMJ.Dados\RMJ.Dados.csproj", "{ADF98581-07F1-416C-89C3-93691FEB18D6}"
EndProject
Project("{FAE04EC0-301F-11D3-BF4B-00C04F79EFBC}") = "RMJ.Comum", "RMJ.Comum\RMJ.Comum.csproj", "{91D9AF2D-E46D-46A4-836F-82045D45A526}"
EndProject
Project("{FAE04EC0-301F-11D3-BF4B-00C04F79EFBC}") = "RMJ.ConsoleApp2", "RMJ.ConsoleApp2\RMJ.ConsoleApp2.csproj", "{77282DA0-7D08-438C-829A-EFB900ECEB57}"
EndProject
Project("{FAE04EC0-301F-11D3-BF4B-00C04F79EFBC}") = "RMJ.WebApi", "RMJ.WebApi\RMJ.WebApi.csproj", "{AC729D3D-35DD-45DC-B04B-D50103A1234C}"
EndProject
Global
	GlobalSection(SolutionConfigurationPlatforms) = preSolution
		Debug|Any CPU = Debug|Any CPU
		Release|Any CPU = Release|Any CPU
	EndGlobalSection
	GlobalSection(ProjectConfigurationPlatforms) = postSolution
		{7D67F86E-DB45-4167-B5A0-463BACE9B0D7}.Debug|Any CPU.ActiveCfg = Debug|Any CPU
		{7D67F86E-DB45-4167-B5A0-463BACE9B0D7}.Debug|Any CPU.Build.0 = Debug|Any CPU
		{7D67F86E-DB45-4167-B5A0-463BACE9B0D7}.Release|Any CPU.ActiveCfg = Release|Any CPU
		{7D67F86E-DB45-4167-B5A0-463BACE9B0D7}.Release|Any CPU.Build.0 = Release|Any CPU
		{D0357286-D119-4FD0-878A-22A4477C0AC2}.Debug|Any CPU.ActiveCfg = Debug|Any CPU
		{D0357286-D119-4FD0-878A-22A4477C0AC2}.Debug|Any CPU.Build.0 = Debug|Any CPU
		{D0357286-D119-4FD0-878A-22A4477C0AC2}.Release|Any CPU.ActiveCfg = Release|Any CPU
		{D0357286-D119-4FD0-878A-22A4477C0AC2}.Release|Any CPU.Build.0 = Release|Any CPU
		{ADF98581-07F1-416C-89C3-93691FEB18D6}.Debug|Any CPU.ActiveCfg = Debug|Any CPU
		{ADF98581-07F1-416C-89C3-93691FEB18D6}.Debug|Any CPU.Build.0 = Debug|Any CPU
		{ADF98581-07F1-416C-89C3-93691FEB18D6}.Release|Any CPU.ActiveCfg = Release|Any CPU
		{ADF98581-07F1-416C-89C3-93691FEB18D6}.Release|Any CPU.Build.0 = Release|Any CPU
		{91D9AF2D-E46D-46A4-836F-82045D45A526}.Debug|Any CPU.ActiveCfg = Debug|Any CPU
		{91D9AF2D-E46D-46A4-836F-82045D45A526}.Debug|Any CPU.Build.0 = Debug|Any CPU
		{91D9AF2D-E46D-46A4-836F-82045D45A526}.Release|Any CPU.ActiveCfg = Release|Any CPU
		{91D9AF2D-E46D-46A4-836F-82045D45A526}.Release|Any CPU.Build.0 = Release|Any CPU
		{77282DA0-7D08-438C-829A-EFB900ECEB57}.Debug|Any CPU.ActiveCfg = Debug|Any CPU
		{77282DA0-7D08-438C-829A-EFB900ECEB57}.Debug|Any CPU.Build.0 = Debug|Any CPU
		{77282DA0-7D08-438C-829A-EFB900ECEB57}.Release|Any CPU.ActiveCfg = Release|Any CPU
		{77282DA0-7D08-438C-829A-EFB900ECEB57}.Release|Any CPU.Build.0 = Release|Any CPU
		{AC729D3D-35DD-45DC-B04B-D50103A1234C}.Debug|Any CPU.ActiveCfg = Debug|Any CPU
		{AC729D3D-35DD-45DC-B04B-D50103A1234C}.Debug|Any CPU.Build.0 = Debug|Any CPU
		{AC729D3D-35DD-45DC-B04B-D50103A1234C}.Release|Any CPU.ActiveCfg = Release|Any CPU
		{AC729D3D-35DD-45DC-B04B-D50103A1234C}.Release|Any CPU.Build.0 = Release|Any CPU
	EndGlobalSection
	GlobalSection(SolutionProperties) = preSolution
		HideSolutionNode = FALSE
	EndGlobalSection
	GlobalSection(NestedProjects) = preSolution
		{7D67F86E-DB45-4167-B5A0-463BACE9B0D7} = {733E93FA-95EF-423B-82BD-0F0A408BE460}
		{D0357286-D119-4FD0-878A-22A4477C0AC2} = {156BB4E4-7357-4BBA-966E-9905780E49BE}
		{ADF98581-07F1-416C-89C3-93691FEB18D6} = {A59537C2-F83C-4908-9FDA-2343957E73E1}
		{91D9AF2D-E46D-46A4-836F-82045D45A526} = {74646B8A-A79C-40CC-8225-724D075F008A}
		{77282DA0-7D08-438C-829A-EFB900ECEB57} = {6415CFEC-35A5-4072-BF23-BD4C2155ACBD}
		{AC729D3D-35DD-45DC-B04B-D50103A1234C} = {6415CFEC-35A5-4072-BF23-BD4C2155ACBD}
	EndGlobalSection
	GlobalSection(ExtensibilityGlobals) = postSolution
		SolutionGuid = {4F098A39-DF8F-4504-B28D-33176FE0B433}
	EndGlobalSection
EndGlobal
